
Microsoft Visual Studio Solution File, Format Version 12.00
# Visual Studio for Mac
Project("{FAE04EC0-301F-11D3-BF4B-00C04F79EFBC}") = "Assembly-CSharp", "Assembly-CSharp.csproj", "{8F5D0B71-F733-CD4F-80C3-B0D410A844BD}"
EndProject
Project("{FAE04EC0-301F-11D3-BF4B-00C04F79EFBC}") = "Oculus.VR", "Oculus.VR.csproj", "{592AADFF-7F57-40B0-D1B5-5BB2D5D494DA}"
EndProject
Project("{FAE04EC0-301F-11D3-BF4B-00C04F79EFBC}") = "Assembly-CSharp-firstpass", "Assembly-CSharp-firstpass.csproj", "{550D2BC1-D37E-403F-794E-184E386EB411}"
EndProject
Project("{FAE04EC0-301F-11D3-BF4B-00C04F79EFBC}") = "Assembly-CSharp-Editor", "Assembly-CSharp-Editor.csproj", "{E4CB2C14-019B-EA3D-32C3-DC06C3CC0531}"
EndProject
Project("{FAE04EC0-301F-11D3-BF4B-00C04F79EFBC}") = "Oculus.VR.Scripts.Editor", "Oculus.VR.Scripts.Editor.csproj", "{694E4D8B-73F9-8BB3-0D6D-09DDA08DF532}"
EndProject
Project("{FAE04EC0-301F-11D3-BF4B-00C04F79EFBC}") = "Oculus.VR.Editor", "Oculus.VR.Editor.csproj", "{34E94A09-6C59-0170-836F-5C689AB9FEA5}"
EndProject
Global
	GlobalSection(SolutionConfigurationPlatforms) = preSolution
		Debug|Any CPU = Debug|Any CPU
		Release|Any CPU = Release|Any CPU
	EndGlobalSection
	GlobalSection(ProjectConfigurationPlatforms) = postSolution
		{8F5D0B71-F733-CD4F-80C3-B0D410A844BD}.Debug|Any CPU.ActiveCfg = Debug|Any CPU
		{8F5D0B71-F733-CD4F-80C3-B0D410A844BD}.Debug|Any CPU.Build.0 = Debug|Any CPU
		{8F5D0B71-F733-CD4F-80C3-B0D410A844BD}.Release|Any CPU.ActiveCfg = Release|Any CPU
		{8F5D0B71-F733-CD4F-80C3-B0D410A844BD}.Release|Any CPU.Build.0 = Release|Any CPU
		{592AADFF-7F57-40B0-D1B5-5BB2D5D494DA}.Debug|Any CPU.ActiveCfg = Debug|Any CPU
		{592AADFF-7F57-40B0-D1B5-5BB2D5D494DA}.Debug|Any CPU.Build.0 = Debug|Any CPU
		{592AADFF-7F57-40B0-D1B5-5BB2D5D494DA}.Release|Any CPU.ActiveCfg = Release|Any CPU
		{592AADFF-7F57-40B0-D1B5-5BB2D5D494DA}.Release|Any CPU.Build.0 = Release|Any CPU
		{550D2BC1-D37E-403F-794E-184E386EB411}.Debug|Any CPU.ActiveCfg = Debug|Any CPU
		{550D2BC1-D37E-403F-794E-184E386EB411}.Debug|Any CPU.Build.0 = Debug|Any CPU
		{550D2BC1-D37E-403F-794E-184E386EB411}.Release|Any CPU.ActiveCfg = Release|Any CPU
		{550D2BC1-D37E-403F-794E-184E386EB411}.Release|Any CPU.Build.0 = Release|Any CPU
		{E4CB2C14-019B-EA3D-32C3-DC06C3CC0531}.Debug|Any CPU.ActiveCfg = Debug|Any CPU
		{E4CB2C14-019B-EA3D-32C3-DC06C3CC0531}.Debug|Any CPU.Build.0 = Debug|Any CPU
		{E4CB2C14-019B-EA3D-32C3-DC06C3CC0531}.Release|Any CPU.ActiveCfg = Release|Any CPU
		{E4CB2C14-019B-EA3D-32C3-DC06C3CC0531}.Release|Any CPU.Build.0 = Release|Any CPU
		{694E4D8B-73F9-8BB3-0D6D-09DDA08DF532}.Debug|Any CPU.ActiveCfg = Debug|Any CPU
		{694E4D8B-73F9-8BB3-0D6D-09DDA08DF532}.Debug|Any CPU.Build.0 = Debug|Any CPU
		{694E4D8B-73F9-8BB3-0D6D-09DDA08DF532}.Release|Any CPU.ActiveCfg = Release|Any CPU
		{694E4D8B-73F9-8BB3-0D6D-09DDA08DF532}.Release|Any CPU.Build.0 = Release|Any CPU
		{34E94A09-6C59-0170-836F-5C689AB9FEA5}.Debug|Any CPU.ActiveCfg = Debug|Any CPU
		{34E94A09-6C59-0170-836F-5C689AB9FEA5}.Debug|Any CPU.Build.0 = Debug|Any CPU
		{34E94A09-6C59-0170-836F-5C689AB9FEA5}.Release|Any CPU.ActiveCfg = Release|Any CPU
		{34E94A09-6C59-0170-836F-5C689AB9FEA5}.Release|Any CPU.Build.0 = Release|Any CPU
	EndGlobalSection
	GlobalSection(SolutionProperties) = preSolution
		HideSolutionNode = FALSE
	EndGlobalSection
EndGlobal
